
Microsoft Visual Studio Solution File, Format Version 12.00
# Visual Studio Version 16
VisualStudioVersion = 16.0.29324.140
MinimumVisualStudioVersion = 10.0.40219.1
Project("{FAE04EC0-301F-11D3-BF4B-00C04F79EFBC}") = "VarosEpitoProjekt", "VarosEpitoProjekt\VarosEpitoProjekt.csproj", "{6867EBB7-B36D-4A12-86EB-D7C4038B2DCB}"
EndProject
Global
	GlobalSection(SolutionConfigurationPlatforms) = preSolution
		Debug|Any CPU = Debug|Any CPU
		Release|Any CPU = Release|Any CPU
	EndGlobalSection
	GlobalSection(ProjectConfigurationPlatforms) = postSolution
		{6867EBB7-B36D-4A12-86EB-D7C4038B2DCB}.Debug|Any CPU.ActiveCfg = Debug|Any CPU
		{6867EBB7-B36D-4A12-86EB-D7C4038B2DCB}.Debug|Any CPU.Build.0 = Debug|Any CPU
		{6867EBB7-B36D-4A12-86EB-D7C4038B2DCB}.Release|Any CPU.ActiveCfg = Release|Any CPU
		{6867EBB7-B36D-4A12-86EB-D7C4038B2DCB}.Release|Any CPU.Build.0 = Release|Any CPU
	EndGlobalSection
	GlobalSection(SolutionProperties) = preSolution
		HideSolutionNode = FALSE
	EndGlobalSection
	GlobalSection(ExtensibilityGlobals) = postSolution
		SolutionGuid = {03989AB7-7524-4C5D-A167-36671854240F}
	EndGlobalSection
EndGlobal
